{
  "name": "readwords",
  "version": "0.0.1",
  "lockfileVersion": 1,
  "requires": true,
  "dependencies": {
    "censorify": {
      "version": "file:../censorify/censorify-0.1.1.tgz",
      "integrity": "sha512-yL/x43AVxAKAh9JyXoZ4fU9CLw8KtUNoeXRhLswotrXuHplH6o3Krl20wyjmj7hAW3yVwFRQqXQ6EYC2r9M8AA=="
    }
  }
}
